
Microsoft Visual Studio Solution File, Format Version 12.00
# Visual Studio Version 16
VisualStudioVersion = 16.0.30114.105
MinimumVisualStudioVersion = 10.0.40219.1
Project("{FAE04EC0-301F-11D3-BF4B-00C04F79EFBC}") = "ConsoleApp1", "ConsoleApp1\ConsoleApp1.csproj", "{29101DEE-7487-4009-BD75-6D230F18D6A2}"
EndProject
Global
	GlobalSection(SolutionConfigurationPlatforms) = preSolution
		Debug|Any CPU = Debug|Any CPU
		Release|Any CPU = Release|Any CPU
	EndGlobalSection
	GlobalSection(ProjectConfigurationPlatforms) = postSolution
		{29101DEE-7487-4009-BD75-6D230F18D6A2}.Debug|Any CPU.ActiveCfg = Debug|Any CPU
		{29101DEE-7487-4009-BD75-6D230F18D6A2}.Debug|Any CPU.Build.0 = Debug|Any CPU
		{29101DEE-7487-4009-BD75-6D230F18D6A2}.Release|Any CPU.ActiveCfg = Release|Any CPU
		{29101DEE-7487-4009-BD75-6D230F18D6A2}.Release|Any CPU.Build.0 = Release|Any CPU
	EndGlobalSection
	GlobalSection(SolutionProperties) = preSolution
		HideSolutionNode = FALSE
	EndGlobalSection
	GlobalSection(ExtensibilityGlobals) = postSolution
		SolutionGuid = {806387C8-FA44-4343-80D8-0F2D6D892E72}
	EndGlobalSection
EndGlobal
